
Microsoft Visual Studio Solution File, Format Version 12.00
# Visual Studio Version 17
VisualStudioVersion = 17.0.31903.59
MinimumVisualStudioVersion = 10.0.40219.1
Project("{2150E333-8FDC-42A3-9474-1A3956D46DE8}") = "src", "src", "{A35766A0-99B8-4E2B-B4B8-955DA5E95402}"
EndProject
Project("{2150E333-8FDC-42A3-9474-1A3956D46DE8}") = "Microservices", "Microservices", "{DA4C2723-BCAE-443B-819F-2254BD3695FC}"
EndProject
Project("{2150E333-8FDC-42A3-9474-1A3956D46DE8}") = "AccountsMS", "AccountsMS", "{03E8A97A-3171-4334-9338-F9CC55054174}"
EndProject
Project("{9A19103F-16F7-4668-BE54-9A1E7A4F7556}") = "AccountsMS.WebApi", "src\Microservices\AccountsMS\AccountsMS.WebApi\AccountsMS.WebApi.csproj", "{E7FEB8AE-2985-4C83-9A45-701F437D2F11}"
EndProject
Project("{9A19103F-16F7-4668-BE54-9A1E7A4F7556}") = "AccountsMS.Business", "src\Microservices\AccountsMS\AccountsMS.Business\AccountsMS.Business.csproj", "{22E37A04-002D-434F-B705-0D325C80CA9F}"
EndProject
Project("{9A19103F-16F7-4668-BE54-9A1E7A4F7556}") = "AccountsMS.Data", "src\Microservices\AccountsMS\AccountsMS.Data\AccountsMS.Data.csproj", "{9D90E84E-A866-4AE9-9D9B-80F6A7AE7152}"
EndProject
Project("{E53339B2-1760-4266-BCC7-CA923CBCF16C}") = "docker-compose", "docker-compose.dcproj", "{1F13F12F-A99A-4AAE-AA45-DBC23FBA77D6}"
EndProject
Project("{2150E333-8FDC-42A3-9474-1A3956D46DE8}") = "IdentityMS", "IdentityMS", "{0959E567-2B91-41F2-889B-E2AB8D789171}"
EndProject
Project("{9A19103F-16F7-4668-BE54-9A1E7A4F7556}") = "IdentityMS.WebApi", "src\Microservices\IdentityMS\IdentityMS.WebApi\IdentityMS.WebApi.csproj", "{066280F4-0C7D-4AC3-BA3F-19C3F370D3A8}"
EndProject
Project("{9A19103F-16F7-4668-BE54-9A1E7A4F7556}") = "IdentityMS.Data", "src\Microservices\IdentityMS\IdentityMS.Data\IdentityMS.Data.csproj", "{4428C830-938F-4D4B-8EF8-7D90AA3F8B9B}"
EndProject
Project("{9A19103F-16F7-4668-BE54-9A1E7A4F7556}") = "IdentityMS.Business", "src\Microservices\IdentityMS\IdentityMS.Business\IdentityMS.Business.csproj", "{68E48F49-B419-4B71-9E44-3C605A92C2AD}"
EndProject
Project("{9A19103F-16F7-4668-BE54-9A1E7A4F7556}") = "AccountsMS.Tests", "src\Microservices\AccountsMS\AccountsMS.Tests\AccountsMS.Tests.csproj", "{73C0B45E-7450-4AAB-B20C-2DDA820906B4}"
EndProject
Project("{2150E333-8FDC-42A3-9474-1A3956D46DE8}") = "MessageBroker", "MessageBroker", "{5E42B0B8-87BD-4646-8A83-EC8D07BFEA03}"
EndProject
Project("{9A19103F-16F7-4668-BE54-9A1E7A4F7556}") = "Kafka", "src\MessageBroker\Kafka\Kafka.csproj", "{D58FB8B8-761C-452B-A216-770207075806}"
EndProject
Project("{FAE04EC0-301F-11D3-BF4B-00C04F79EFBC}") = "IdentityMS.Tests", "src\Microservices\IdentityMS\IdentityMS.Tests\IdentityMS.Tests.csproj", "{91A4FB92-CBD4-4BDF-B33C-C772185BD8D9}"
EndProject
Global
	GlobalSection(SolutionConfigurationPlatforms) = preSolution
		Debug|Any CPU = Debug|Any CPU
		Release|Any CPU = Release|Any CPU
	EndGlobalSection
	GlobalSection(ProjectConfigurationPlatforms) = postSolution
		{E7FEB8AE-2985-4C83-9A45-701F437D2F11}.Debug|Any CPU.ActiveCfg = Debug|Any CPU
		{E7FEB8AE-2985-4C83-9A45-701F437D2F11}.Debug|Any CPU.Build.0 = Debug|Any CPU
		{E7FEB8AE-2985-4C83-9A45-701F437D2F11}.Release|Any CPU.ActiveCfg = Release|Any CPU
		{E7FEB8AE-2985-4C83-9A45-701F437D2F11}.Release|Any CPU.Build.0 = Release|Any CPU
		{22E37A04-002D-434F-B705-0D325C80CA9F}.Debug|Any CPU.ActiveCfg = Debug|Any CPU
		{22E37A04-002D-434F-B705-0D325C80CA9F}.Debug|Any CPU.Build.0 = Debug|Any CPU
		{22E37A04-002D-434F-B705-0D325C80CA9F}.Release|Any CPU.ActiveCfg = Release|Any CPU
		{22E37A04-002D-434F-B705-0D325C80CA9F}.Release|Any CPU.Build.0 = Release|Any CPU
		{9D90E84E-A866-4AE9-9D9B-80F6A7AE7152}.Debug|Any CPU.ActiveCfg = Debug|Any CPU
		{9D90E84E-A866-4AE9-9D9B-80F6A7AE7152}.Debug|Any CPU.Build.0 = Debug|Any CPU
		{9D90E84E-A866-4AE9-9D9B-80F6A7AE7152}.Release|Any CPU.ActiveCfg = Release|Any CPU
		{9D90E84E-A866-4AE9-9D9B-80F6A7AE7152}.Release|Any CPU.Build.0 = Release|Any CPU
		{1F13F12F-A99A-4AAE-AA45-DBC23FBA77D6}.Debug|Any CPU.ActiveCfg = Debug|Any CPU
		{1F13F12F-A99A-4AAE-AA45-DBC23FBA77D6}.Debug|Any CPU.Build.0 = Debug|Any CPU
		{1F13F12F-A99A-4AAE-AA45-DBC23FBA77D6}.Release|Any CPU.ActiveCfg = Release|Any CPU
		{1F13F12F-A99A-4AAE-AA45-DBC23FBA77D6}.Release|Any CPU.Build.0 = Release|Any CPU
		{066280F4-0C7D-4AC3-BA3F-19C3F370D3A8}.Debug|Any CPU.ActiveCfg = Debug|Any CPU
		{066280F4-0C7D-4AC3-BA3F-19C3F370D3A8}.Debug|Any CPU.Build.0 = Debug|Any CPU
		{066280F4-0C7D-4AC3-BA3F-19C3F370D3A8}.Release|Any CPU.ActiveCfg = Release|Any CPU
		{066280F4-0C7D-4AC3-BA3F-19C3F370D3A8}.Release|Any CPU.Build.0 = Release|Any CPU
		{4428C830-938F-4D4B-8EF8-7D90AA3F8B9B}.Debug|Any CPU.ActiveCfg = Debug|Any CPU
		{4428C830-938F-4D4B-8EF8-7D90AA3F8B9B}.Debug|Any CPU.Build.0 = Debug|Any CPU
		{4428C830-938F-4D4B-8EF8-7D90AA3F8B9B}.Release|Any CPU.ActiveCfg = Release|Any CPU
		{4428C830-938F-4D4B-8EF8-7D90AA3F8B9B}.Release|Any CPU.Build.0 = Release|Any CPU
		{68E48F49-B419-4B71-9E44-3C605A92C2AD}.Debug|Any CPU.ActiveCfg = Debug|Any CPU
		{68E48F49-B419-4B71-9E44-3C605A92C2AD}.Debug|Any CPU.Build.0 = Debug|Any CPU
		{68E48F49-B419-4B71-9E44-3C605A92C2AD}.Release|Any CPU.ActiveCfg = Release|Any CPU
		{68E48F49-B419-4B71-9E44-3C605A92C2AD}.Release|Any CPU.Build.0 = Release|Any CPU
		{73C0B45E-7450-4AAB-B20C-2DDA820906B4}.Debug|Any CPU.ActiveCfg = Debug|Any CPU
		{73C0B45E-7450-4AAB-B20C-2DDA820906B4}.Debug|Any CPU.Build.0 = Debug|Any CPU
		{73C0B45E-7450-4AAB-B20C-2DDA820906B4}.Release|Any CPU.ActiveCfg = Release|Any CPU
		{73C0B45E-7450-4AAB-B20C-2DDA820906B4}.Release|Any CPU.Build.0 = Release|Any CPU
		{D58FB8B8-761C-452B-A216-770207075806}.Debug|Any CPU.ActiveCfg = Debug|Any CPU
		{D58FB8B8-761C-452B-A216-770207075806}.Debug|Any CPU.Build.0 = Debug|Any CPU
		{D58FB8B8-761C-452B-A216-770207075806}.Release|Any CPU.ActiveCfg = Release|Any CPU
		{D58FB8B8-761C-452B-A216-770207075806}.Release|Any CPU.Build.0 = Release|Any CPU
		{91A4FB92-CBD4-4BDF-B33C-C772185BD8D9}.Debug|Any CPU.ActiveCfg = Debug|Any CPU
		{91A4FB92-CBD4-4BDF-B33C-C772185BD8D9}.Debug|Any CPU.Build.0 = Debug|Any CPU
		{91A4FB92-CBD4-4BDF-B33C-C772185BD8D9}.Release|Any CPU.ActiveCfg = Release|Any CPU
		{91A4FB92-CBD4-4BDF-B33C-C772185BD8D9}.Release|Any CPU.Build.0 = Release|Any CPU
	EndGlobalSection
	GlobalSection(SolutionProperties) = preSolution
		HideSolutionNode = FALSE
	EndGlobalSection
	GlobalSection(NestedProjects) = preSolution
		{DA4C2723-BCAE-443B-819F-2254BD3695FC} = {A35766A0-99B8-4E2B-B4B8-955DA5E95402}
		{03E8A97A-3171-4334-9338-F9CC55054174} = {DA4C2723-BCAE-443B-819F-2254BD3695FC}
		{E7FEB8AE-2985-4C83-9A45-701F437D2F11} = {03E8A97A-3171-4334-9338-F9CC55054174}
		{22E37A04-002D-434F-B705-0D325C80CA9F} = {03E8A97A-3171-4334-9338-F9CC55054174}
		{9D90E84E-A866-4AE9-9D9B-80F6A7AE7152} = {03E8A97A-3171-4334-9338-F9CC55054174}
		{0959E567-2B91-41F2-889B-E2AB8D789171} = {DA4C2723-BCAE-443B-819F-2254BD3695FC}
		{066280F4-0C7D-4AC3-BA3F-19C3F370D3A8} = {0959E567-2B91-41F2-889B-E2AB8D789171}
		{4428C830-938F-4D4B-8EF8-7D90AA3F8B9B} = {0959E567-2B91-41F2-889B-E2AB8D789171}
		{68E48F49-B419-4B71-9E44-3C605A92C2AD} = {0959E567-2B91-41F2-889B-E2AB8D789171}
		{73C0B45E-7450-4AAB-B20C-2DDA820906B4} = {03E8A97A-3171-4334-9338-F9CC55054174}
		{5E42B0B8-87BD-4646-8A83-EC8D07BFEA03} = {A35766A0-99B8-4E2B-B4B8-955DA5E95402}
		{D58FB8B8-761C-452B-A216-770207075806} = {5E42B0B8-87BD-4646-8A83-EC8D07BFEA03}
		{91A4FB92-CBD4-4BDF-B33C-C772185BD8D9} = {0959E567-2B91-41F2-889B-E2AB8D789171}
	EndGlobalSection
	GlobalSection(ExtensibilityGlobals) = postSolution
		SolutionGuid = {6248D3AD-7981-47F3-A282-EFEFB05E2F93}
	EndGlobalSection
EndGlobal
